{
    "_readme": [
        "This file locks the dependencies of your project to a known state",
        "Read more about it at https://getcomposer.org/doc/01-basic-usage.md#composer-lock-the-lock-file",
        "This file is @generated automatically"
    ],
    "content-hash": "f219b1b966a5959a18b382a70ebaf6e9",
    "packages": [
        {
            "name": "masterminds/html5",
            "version": "2.2.2",
            "source": {
                "type": "git",
                "url": "https://github.com/Masterminds/html5-php.git",
                "reference": "7866e93dcf0245de22378414e0c2c7350abc45af"
            },
            "dist": {
                "type": "zip",
                "url": "https://files.phpcomposer.com/files/Masterminds/html5-php/7866e93dcf0245de22378414e0c2c7350abc45af.zip",
                "reference": "7866e93dcf0245de22378414e0c2c7350abc45af",
                "shasum": ""
            },
            "require": {
                "ext-libxml": "*",
                "php": ">=5.3.0"
            },
            "require-dev": {
                "phpunit/phpunit": "4.*",
                "sami/sami": "~2.0",
                "satooshi/php-coveralls": "1.0.*"
            },
            "type": "library",
            "extra": {
                "branch-alias": {
                    "dev-master": "2.2-dev"
                }
            },
            "autoload": {
                "psr-4": {
                    "Masterminds\\": "src"
                }
            },
            "notification-url": "https://packagist.org/downloads/",
            "license": [
                "MIT"
            ],
            "authors": [
                {
                    "name": "Matt Butcher",
                    "email": "technosophos@gmail.com"
                },
                {
                    "name": "Asmir Mustafic",
                    "email": "goetas@gmail.com"
                },
                {
                    "name": "Matt Farina",
                    "email": "matt@mattfarina.com"
                }
            ],
            "description": "An HTML5 parser and serializer.",
            "homepage": "http://masterminds.github.io/html5-php",
            "keywords": [
                "HTML5",
                "dom",
                "html",
                "parser",
                "querypath",
                "serializer",
                "xml"
            ],
            "time": "2016-09-22T11:01:11+00:00"
        },
        {
            "name": "owner888/phpspider",
            "version": "v2.0.7",
            "source": {
                "type": "git",
                "url": "https://github.com/owner888/phpspider.git",
                "reference": "7389e1d115ce2c3f59b6a03291a3c6c165d00754"
            },
            "dist": {
                "type": "zip",
                "url": "https://files.phpcomposer.com/files/owner888/phpspider/7389e1d115ce2c3f59b6a03291a3c6c165d00754.zip",
                "reference": "7389e1d115ce2c3f59b6a03291a3c6c165d00754",
                "shasum": ""
            },
            "require": {
                "php": ">=5.5.0"
            },
            "suggest": {
                "ext-pcntl、ext-redis": "For better performance. "
            },
            "type": "library",
            "autoload": {
                "psr-4": {
                    "phpspider\\": "./"
                }
            },
            "notification-url": "https://packagist.org/downloads/",
            "license": [
                "MIT"
            ],
            "authors": [
                {
                    "name": "Seatle Yang",
                    "email": "seatle@foxmail.com",
                    "homepage": "http://www.phpspider.org",
                    "role": "Developer"
                }
            ],
            "description": "The PHPSpider Framework.",
            "homepage": "http://www.phpspider.org",
            "keywords": [
                "framework",
                "phpspider"
            ],
            "time": "2017-08-12T08:36:28+00:00"
        },
        {
            "name": "querypath/querypath",
            "version": "3.0.5",
            "source": {
                "type": "git",
                "url": "https://github.com/technosophos/querypath.git",
                "reference": "6b8e2395fac61fac25bbe962f94def556cb85f7d"
            },
            "dist": {
                "type": "zip",
                "url": "https://files.phpcomposer.com/files/technosophos/querypath/6b8e2395fac61fac25bbe962f94def556cb85f7d.zip",
                "reference": "6b8e2395fac61fac25bbe962f94def556cb85f7d",
                "shasum": ""
            },
            "require": {
                "masterminds/html5": "2.*",
                "php": ">=5.3.0"
            },
            "type": "library",
            "autoload": {
                "psr-0": {
                    "QueryPath": "src/"
                },
                "files": [
                    "src/qp_functions.php"
                ]
            },
            "notification-url": "https://packagist.org/downloads/",
            "license": [
                "MIT"
            ],
            "description": "HTML/XML querying (CSS 4 or XPath) and processing (like jQuery)",
            "homepage": "https://github.com/technosophos/querypath",
            "keywords": [
                "css",
                "html",
                "jquery",
                "xml",
                "xslt"
            ],
            "time": "2016-08-01T22:40:30+00:00"
        }
    ],
    "packages-dev": [],
    "aliases": [],
    "minimum-stability": "stable",
    "stability-flags": [],
    "prefer-stable": false,
    "prefer-lowest": false,
    "platform": [],
    "platform-dev": []
}
